
Microsoft Visual Studio Solution File, Format Version 12.00
# Visual Studio Version 17
VisualStudioVersion = 17.0.32014.148
MinimumVisualStudioVersion = 10.0.40219.1
Project("{FAE04EC0-301F-11D3-BF4B-00C04F79EFBC}") = "EikochainV1", "EikochainV1\EikochainV1.csproj", "{8E7DDA3C-D0A9-4FEE-987B-715DC10F14C8}"
EndProject
Global
	GlobalSection(SolutionConfigurationPlatforms) = preSolution
		Debug|Any CPU = Debug|Any CPU
		Release|Any CPU = Release|Any CPU
	EndGlobalSection
	GlobalSection(ProjectConfigurationPlatforms) = postSolution
		{8E7DDA3C-D0A9-4FEE-987B-715DC10F14C8}.Debug|Any CPU.ActiveCfg = Debug|Any CPU
		{8E7DDA3C-D0A9-4FEE-987B-715DC10F14C8}.Debug|Any CPU.Build.0 = Debug|Any CPU
		{8E7DDA3C-D0A9-4FEE-987B-715DC10F14C8}.Release|Any CPU.ActiveCfg = Release|Any CPU
		{8E7DDA3C-D0A9-4FEE-987B-715DC10F14C8}.Release|Any CPU.Build.0 = Release|Any CPU
	EndGlobalSection
	GlobalSection(SolutionProperties) = preSolution
		HideSolutionNode = FALSE
	EndGlobalSection
	GlobalSection(ExtensibilityGlobals) = postSolution
		SolutionGuid = {AB5E2E18-C2DE-4C46-AB82-8660ED06B3E2}
	EndGlobalSection
EndGlobal
